
Microsoft Visual Studio Solution File, Format Version 12.00
# Visual Studio Version 17
VisualStudioVersion = 17.14.36109.1
MinimumVisualStudioVersion = 10.0.40219.1
Project("{FAE04EC0-301F-11D3-BF4B-00C04F79EFBC}") = "AzDoCLI.App", "src\AzDoCLI.App\AzDoCLI.App.csproj", "{533F182E-B3EA-1800-4AB4-2718EB578DC8}"
EndProject
Project("{2150E333-8FDC-42A3-9474-1A3956D46DE8}") = "_solution_items", "_solution_items", "{02EA681E-C7D8-13C7-8484-4AC65E1B71E8}"
	ProjectSection(SolutionItems) = preProject
		.dockerignore = .dockerignore
		.gitignore = .gitignore
		LICENSE = LICENSE
		README.md = README.md
	EndProjectSection
EndProject
Project("{2150E333-8FDC-42A3-9474-1A3956D46DE8}") = "apps", "apps", "{AC8BC7A1-5AE4-4CD3-96D0-EEB40AF8E5A9}"
EndProject
Global
	GlobalSection(SolutionConfigurationPlatforms) = preSolution
		Debug|Any CPU = Debug|Any CPU
		Release|Any CPU = Release|Any CPU
	EndGlobalSection
	GlobalSection(ProjectConfigurationPlatforms) = postSolution
		{533F182E-B3EA-1800-4AB4-2718EB578DC8}.Debug|Any CPU.ActiveCfg = Debug|Any CPU
		{533F182E-B3EA-1800-4AB4-2718EB578DC8}.Debug|Any CPU.Build.0 = Debug|Any CPU
		{533F182E-B3EA-1800-4AB4-2718EB578DC8}.Release|Any CPU.ActiveCfg = Release|Any CPU
		{533F182E-B3EA-1800-4AB4-2718EB578DC8}.Release|Any CPU.Build.0 = Release|Any CPU
	EndGlobalSection
	GlobalSection(SolutionProperties) = preSolution
		HideSolutionNode = FALSE
	EndGlobalSection
	GlobalSection(NestedProjects) = preSolution
		{533F182E-B3EA-1800-4AB4-2718EB578DC8} = {AC8BC7A1-5AE4-4CD3-96D0-EEB40AF8E5A9}
	EndGlobalSection
	GlobalSection(ExtensibilityGlobals) = postSolution
		SolutionGuid = {B0ED1F35-DD50-4773-AF32-1D72C9604FBA}
	EndGlobalSection
EndGlobal
